{
  "lockfile_version": "1",
  "packages": {
    "github:NixOS/nixpkgs/nixpkgs-unstable": {
      "last_modified": "2026-05-27T10:28:13Z",
      "resolved": "github:NixOS/nixpkgs/4100e830e085863741bc69b156ec4ccd53ab5be0?lastModified=1779877693&narHash=sha256-NOF9NAREhxr50bbBfVcVOq%2BArCMSoe8dP79Pk2uyARk%3D"
    },
    "mise@latest": {
      "last_modified": "2026-08-12T11:28:58Z",
      "resolved": "github:NixOS/nixpkgs/044bfe75bfe4c7bbe043dc17b5e42ea823b84a09#mise",
      "source": "devbox-search",
      "version": "2026.8.3",
      "systems": {
        "aarch64-darwin": {
          "outputs": [
            {
              "name": "out",
              "path": "/nix/store/caclnwaxkz5c12y3yjzzjpfvndx9dvd9-mise-2026.8.3",
              "default": true
            }
          ],
          "store_path": "/nix/store/caclnwaxkz5c12y3yjzzjpfvndx9dvd9-mise-2026.8.3"
        },
        "aarch64-linux": {
          "outputs": [
            {
              "name": "out",
              "path": "/nix/store/9rp3ipl5s9pjnhdh93zr59ppjd7n99ym-mise-2026.8.3",
              "default": true
            }
          ],
          "store_path": "/nix/store/9rp3ipl5s9pjnhdh93zr59ppjd7n99ym-mise-2026.8.3"
        },
        "x86_64-linux": {
          "outputs": [
            {
              "name": "out",
              "path": "/nix/store/gyimxzh67mnqc3y4slij25a6iq5j83qq-mise-2026.8.3",
              "default": true
            }
          ],
          "store_path": "/nix/store/gyimxzh67mnqc3y4slij25a6iq5j83qq-mise-2026.8.3"
        }
      }
    }
  }
}
